
Microsoft Visual Studio Solution File, Format Version 12.00
# Visual Studio Version 17
VisualStudioVersion = 17.1.32328.378
MinimumVisualStudioVersion = 10.0.40219.1
Project("{9A19103F-16F7-4668-BE54-9A1E7A4F7556}") = "TestTask", "TestTask\TestTask.csproj", "{6A7292E8-6E6E-417E-9E43-BECBA369516E}"
EndProject
Project("{E53339B2-1760-4266-BCC7-CA923CBCF16C}") = "docker-compose", "docker-compose.dcproj", "{CAF27ED0-B79F-47E5-A1DA-148CE7610BDD}"
EndProject
Global
	GlobalSection(SolutionConfigurationPlatforms) = preSolution
		Debug|Any CPU = Debug|Any CPU
		Release|Any CPU = Release|Any CPU
	EndGlobalSection
	GlobalSection(ProjectConfigurationPlatforms) = postSolution
		{6A7292E8-6E6E-417E-9E43-BECBA369516E}.Debug|Any CPU.ActiveCfg = Debug|Any CPU
		{6A7292E8-6E6E-417E-9E43-BECBA369516E}.Debug|Any CPU.Build.0 = Debug|Any CPU
		{6A7292E8-6E6E-417E-9E43-BECBA369516E}.Release|Any CPU.ActiveCfg = Release|Any CPU
		{6A7292E8-6E6E-417E-9E43-BECBA369516E}.Release|Any CPU.Build.0 = Release|Any CPU
		{CAF27ED0-B79F-47E5-A1DA-148CE7610BDD}.Debug|Any CPU.ActiveCfg = Debug|Any CPU
		{CAF27ED0-B79F-47E5-A1DA-148CE7610BDD}.Debug|Any CPU.Build.0 = Debug|Any CPU
		{CAF27ED0-B79F-47E5-A1DA-148CE7610BDD}.Release|Any CPU.ActiveCfg = Release|Any CPU
		{CAF27ED0-B79F-47E5-A1DA-148CE7610BDD}.Release|Any CPU.Build.0 = Release|Any CPU
	EndGlobalSection
	GlobalSection(SolutionProperties) = preSolution
		HideSolutionNode = FALSE
	EndGlobalSection
	GlobalSection(ExtensibilityGlobals) = postSolution
		SolutionGuid = {19C33552-2FE8-49D3-8079-4B38F76957A7}
	EndGlobalSection
EndGlobal
